// !$*UTF8*$!
{
	archiveVersion = 1;
	classes = {
	};
	objectVersion = 55;
	objects = {

/* Begin PBXBuildFile section */
		E7CDD206286BCF090042D5D9 /* AppDelegate.swift in Sources */ = {isa = PBXBuildFile; fileRef = E7CDD205286BCF090042D5D9 /* AppDelegate.swift */; };
		E7CDD208286BCF090042D5D9 /* SceneDelegate.swift in Sources */ = {isa = PBXBuildFile; fileRef = E7CDD207286BCF090042D5D9 /* SceneDelegate.swift */; };
		E7CDD20A286BCF090042D5D9 /* ViewController.swift in Sources */ = {isa = PBXBuildFile; fileRef = E7CDD209286BCF090042D5D9 /* ViewController.swift */; };
		E7CDD20D286BCF090042D5D9 /* Main.storyboard in Resources */ = {isa = PBXBuildFile; fileRef = E7CDD20B286BCF090042D5D9 /* Main.storyboard */; };
		E7CDD20F286BCF0E0042D5D9 /* Assets.xcassets in Resources */ = {isa = PBXBuildFile; fileRef = E7CDD20E286BCF0E0042D5D9 /* Assets.xcassets */; };
		E7CDD212286BCF0E0042D5D9 /* LaunchScreen.storyboard in Resources */ = {isa = PBXBuildFile; fileRef = E7CDD210286BCF0E0042D5D9 /* LaunchScreen.storyboard */; };
		E7CDD21D286BCF0E0042D5D9 /* RandomPhotoTests.swift in Sources */ = {isa = PBXBuildFile; fileRef = E7CDD21C286BCF0E0042D5D9 /* RandomPhotoTests.swift */; };
		E7CDD227286BCF0E0042D5D9 /* RandomPhotoUITests.swift in Sources */ = {isa = PBXBuildFile; fileRef = E7CDD226286BCF0E0042D5D9 /* RandomPhotoUITests.swift */; };
		E7CDD229286BCF0E0042D5D9 /* RandomPhotoUITestsLaunchTests.swift in Sources */ = {isa = PBXBuildFile; fileRef = E7CDD228286BCF0E0042D5D9 /* RandomPhotoUITestsLaunchTests.swift */; };
/* End PBXBuildFile section */

/* Begin PBXContainerItemProxy section */
		E7CDD219286BCF0E0042D5D9 /* PBXContainerItemProxy */ = {
			isa = PBXContainerItemProxy;
			containerPortal = E7CDD1FA286BCF090042D5D9 /* Project object */;
			proxyType = 1;
			remoteGlobalIDString = E7CDD201286BCF090042D5D9;
			remoteInfo = RandomPhoto;
		};
		E7CDD223286BCF0E0042D5D9 /* PBXContainerItemProxy */ = {
			isa = PBXContainerItemProxy;
			containerPortal = E7CDD1FA286BCF090042D5D9 /* Project object */;
			proxyType = 1;
			remoteGlobalIDString = E7CDD201286BCF090042D5D9;
			remoteInfo = RandomPhoto;
		};
/* End PBXContainerItemProxy section */

/* Begin PBXFileReference section */
		E7CDD202286BCF090042D5D9 /* RandomPhoto.app */ = {isa = PBXFileReference; explicitFileType = wrapper.application; includeInIndex = 0; path = RandomPhoto.app; sourceTree = BUILT_PRODUCTS_DIR; };
		E7CDD205286BCF090042D5D9 /* AppDelegate.swift */ = {isa = PBXFileReference; lastKnownFileType = sourcecode.swift; path = AppDelegate.swift; sourceTree = "<group>"; };
		E7CDD207286BCF090042D5D9 /* SceneDelegate.swift */ = {isa = PBXFileReference; lastKnownFileType = sourcecode.swift; path = SceneDelegate.swift; sourceTree = "<group>"; };
		E7CDD209286BCF090042D5D9 /* ViewController.swift */ = {isa = PBXFileReference; lastKnownFileType = sourcecode.swift; path = ViewController.swift; sourceTree = "<group>"; };
		E7CDD20C286BCF090042D5D9 /* Base */ = {isa = PBXFileReference; lastKnownFileType = file.storyboard; name = Base; path = Base.lproj/Main.storyboard; sourceTree = "<group>"; };
		E7CDD20E286BCF0E0042D5D9 /* Assets.xcassets */ = {isa = PBXFileReference; lastKnownFileType = folder.assetcatalog; path = Assets.xcassets; sourceTree = "<group>"; };
		E7CDD211286BCF0E0042D5D9 /* Base */ = {isa = PBXFileReference; lastKnownFileType = file.storyboard; name = Base; path = Base.lproj/LaunchScreen.storyboard; sourceTree = "<group>"; };
		E7CDD213286BCF0E0042D5D9 /* Info.plist */ = {isa = PBXFileReference; lastKnownFileType = text.plist.xml; path = Info.plist; sourceTree = "<group>"; };
		E7CDD218286BCF0E0042D5D9 /* RandomPhotoTests.xctest */ = {isa = PBXFileReference; explicitFileType = wrapper.cfbundle; includeInIndex = 0; path = RandomPhotoTests.xctest; sourceTree = BUILT_PRODUCTS_DIR; };
		E7CDD21C286BCF0E0042D5D9 /* RandomPhotoTests.swift */ = {isa = PBXFileReference; lastKnownFileType = sourcecode.swift; path = RandomPhotoTests.swift; sourceTree = "<group>"; };
		E7CDD222286BCF0E0042D5D9 /* RandomPhotoUITests.xctest */ = {isa = PBXFileReference; explicitFileType = wrapper.cfbundle; includeInIndex = 0; path = RandomPhotoUITests.xctest; sourceTree = BUILT_PRODUCTS_DIR; };
		E7CDD226286BCF0E0042D5D9 /* RandomPhotoUITests.swift */ = {isa = PBXFileReference; lastKnownFileType = sourcecode.swift; path = RandomPhotoUITests.swift; sourceTree = "<group>"; };
		E7CDD228286BCF0E0042D5D9 /* RandomPhotoUITestsLaunchTests.swift */ = {isa = PBXFileReference; lastKnownFileType = sourcecode.swift; path = RandomPhotoUITestsLaunchTests.swift; sourceTree = "<group>"; };
/* End PBXFileReference section */

/* Begin PBXFrameworksBuildPhase section */
		E7CDD1FF286BCF090042D5D9 /* Frameworks */ = {
			isa = PBXFrameworksBuildPhase;
			buildActionMask = 2147483647;
			files = (
			);
			runOnlyForDeploymentPostprocessing = 0;
		};
		E7CDD215286BCF0E0042D5D9 /* Frameworks */ = {
			isa = PBXFrameworksBuildPhase;
			buildActionMask = 2147483647;
			files = (
			);
			runOnlyForDeploymentPostprocessing = 0;
		};
		E7CDD21F286BCF0E0042D5D9 /* Frameworks */ = {
			isa = PBXFrameworksBuildPhase;
			buildActionMask = 2147483647;
			files = (
			);
			runOnlyForDeploymentPostprocessing = 0;
		};
/* End PBXFrameworksBuildPhase section */

/* Begin PBXGroup section */
		E7CDD1F9286BCF090042D5D9 = {
			isa = PBXGroup;
			children = (
				E7CDD204286BCF090042D5D9 /* RandomPhoto */,
				E7CDD21B286BCF0E0042D5D9 /* RandomPhotoTests */,
				E7CDD225286BCF0E0042D5D9 /* RandomPhotoUITests */,
				E7CDD203286BCF090042D5D9 /* Products */,
			);
			sourceTree = "<group>";
		};
		E7CDD203286BCF090042D5D9 /* Products */ = {
			isa = PBXGroup;
			children = (
				E7CDD202286BCF090042D5D9 /* RandomPhoto.app */,
				E7CDD218286BCF0E0042D5D9 /* RandomPhotoTests.xctest */,
				E7CDD222286BCF0E0042D5D9 /* RandomPhotoUITests.xctest */,
			);
			name = Products;
			sourceTree = "<group>";
		};
		E7CDD204286BCF090042D5D9 /* RandomPhoto */ = {
			isa = PBXGroup;
			children = (
				E7CDD205286BCF090042D5D9 /* AppDelegate.swift */,
				E7CDD207286BCF090042D5D9 /* SceneDelegate.swift */,
				E7CDD209286BCF090042D5D9 /* ViewController.swift */,
				E7CDD20B286BCF090042D5D9 /* Main.storyboard */,
				E7CDD20E286BCF0E0042D5D9 /* Assets.xcassets */,
				E7CDD210286BCF0E0042D5D9 /* LaunchScreen.storyboard */,
				E7CDD213286BCF0E0042D5D9 /* Info.plist */,
			);
			path = RandomPhoto;
			sourceTree = "<group>";
		};
		E7CDD21B286BCF0E0042D5D9 /* RandomPhotoTests */ = {
			isa = PBXGroup;
			children = (
				E7CDD21C286BCF0E0042D5D9 /* RandomPhotoTests.swift */,
			);
			path = RandomPhotoTests;
			sourceTree = "<group>";
		};
		E7CDD225286BCF0E0042D5D9 /* RandomPhotoUITests */ = {
			isa = PBXGroup;
			children = (
				E7CDD226286BCF0E0042D5D9 /* RandomPhotoUITests.swift */,
				E7CDD228286BCF0E0042D5D9 /* RandomPhotoUITestsLaunchTests.swift */,
			);
			path = RandomPhotoUITests;
			sourceTree = "<group>";
		};
/* End PBXGroup section */

/* Begin PBXNativeTarget section */
		E7CDD201286BCF090042D5D9 /* RandomPhoto */ = {
			isa = PBXNativeTarget;
			buildConfigurationList = E7CDD22C286BCF0E0042D5D9 /* Build configuration list for PBXNativeTarget "RandomPhoto" */;
			buildPhases = (
				E7CDD1FE286BCF090042D5D9 /* Sources */,
				E7CDD1FF286BCF090042D5D9 /* Frameworks */,
				E7CDD200286BCF090042D5D9 /* Resources */,
			);
			buildRules = (
			);
			dependencies = (
			);
			name = RandomPhoto;
			productName = RandomPhoto;
			productReference = E7CDD202286BCF090042D5D9 /* RandomPhoto.app */;
			productType = "com.apple.product-type.application";
		};
		E7CDD217286BCF0E0042D5D9 /* RandomPhotoTests */ = {
			isa = PBXNativeTarget;
			buildConfigurationList = E7CDD22F286BCF0E0042D5D9 /* Build configuration list for PBXNativeTarget "RandomPhotoTests" */;
			buildPhases = (
				E7CDD214286BCF0E0042D5D9 /* Sources */,
				E7CDD215286BCF0E0042D5D9 /* Frameworks */,
				E7CDD216286BCF0E0042D5D9 /* Resources */,
			);
			buildRules = (
			);
			dependencies = (
				E7CDD21A286BCF0E0042D5D9 /* PBXTargetDependency */,
			);
			name = RandomPhotoTests;
			productName = RandomPhotoTests;
			productReference = E7CDD218286BCF0E0042D5D9 /* RandomPhotoTests.xctest */;
			productType = "com.apple.product-type.bundle.unit-test";
		};
		E7CDD221286BCF0E0042D5D9 /* RandomPhotoUITests */ = {
			isa = PBXNativeTarget;
			buildConfigurationList = E7CDD232286BCF0E0042D5D9 /* Build configuration list for PBXNativeTarget "RandomPhotoUITests" */;
			buildPhases = (
				E7CDD21E286BCF0E0042D5D9 /* Sources */,
				E7CDD21F286BCF0E0042D5D9 /* Frameworks */,
				E7CDD220286BCF0E0042D5D9 /* Resources */,
			);
			buildRules = (
			);
			dependencies = (
				E7CDD224286BCF0E0042D5D9 /* PBXTargetDependency */,
			);
			name = RandomPhotoUITests;
			productName = RandomPhotoUITests;
			productReference = E7CDD222286BCF0E0042D5D9 /* RandomPhotoUITests.xctest */;
			productType = "com.apple.product-type.bundle.ui-testing";
		};
/* End PBXNativeTarget section */

/* Begin PBXProject section */
		E7CDD1FA286BCF090042D5D9 /* Project object */ = {
			isa = PBXProject;
			attributes = {
				BuildIndependentTargetsInParallel = 1;
				LastSwiftUpdateCheck = 1340;
				LastUpgradeCheck = 1340;
				TargetAttributes = {
					E7CDD201286BCF090042D5D9 = {
						CreatedOnToolsVersion = 13.4.1;
					};
					E7CDD217286BCF0E0042D5D9 = {
						CreatedOnToolsVersion = 13.4.1;
						TestTargetID = E7CDD201286BCF090042D5D9;
					};
					E7CDD221286BCF0E0042D5D9 = {
						CreatedOnToolsVersion = 13.4.1;
						TestTargetID = E7CDD201286BCF090042D5D9;
					};
				};
			};
			buildConfigurationList = E7CDD1FD286BCF090042D5D9 /* Build configuration list for PBXProject "RandomPhoto" */;
			compatibilityVersion = "Xcode 13.0";
			developmentRegion = en;
			hasScannedForEncodings = 0;
			knownRegions = (
				en,
				Base,
			);
			mainGroup = E7CDD1F9286BCF090042D5D9;
			productRefGroup = E7CDD203286BCF090042D5D9 /* Products */;
			projectDirPath = "";
			projectRoot = "";
			targets = (
				E7CDD201286BCF090042D5D9 /* RandomPhoto */,
				E7CDD217286BCF0E0042D5D9 /* RandomPhotoTests */,
				E7CDD221286BCF0E0042D5D9 /* RandomPhotoUITests */,
			);
		};
/* End PBXProject section */

/* Begin PBXResourcesBuildPhase section */
		E7CDD200286BCF090042D5D9 /* Resources */ = {
			isa = PBXResourcesBuildPhase;
			buildActionMask = 2147483647;
			files = (
				E7CDD212286BCF0E0042D5D9 /* LaunchScreen.storyboard in Resources */,
				E7CDD20F286BCF0E0042D5D9 /* Assets.xcassets in Resources */,
				E7CDD20D286BCF090042D5D9 /* Main.storyboard in Resources */,
			);
			runOnlyForDeploymentPostprocessing = 0;
		};
		E7CDD216286BCF0E0042D5D9 /* Resources */ = {
			isa = PBXResourcesBuildPhase;
			buildActionMask = 2147483647;
			files = (
			);
			runOnlyForDeploymentPostprocessing = 0;
		};
		E7CDD220286BCF0E0042D5D9 /* Resources */ = {
			isa = PBXResourcesBuildPhase;
			buildActionMask = 2147483647;
			files = (
			);
			runOnlyForDeploymentPostprocessing = 0;
		};
/* End PBXResourcesBuildPhase section */

/* Begin PBXSourcesBuildPhase section */
		E7CDD1FE286BCF090042D5D9 /* Sources */ = {
			isa = PBXSourcesBuildPhase;
			buildActionMask = 2147483647;
			files = (
				E7CDD20A286BCF090042D5D9 /* ViewController.swift in Sources */,
				E7CDD206286BCF090042D5D9 /* AppDelegate.swift in Sources */,
				E7CDD208286BCF090042D5D9 /* SceneDelegate.swift in Sources */,
			);
			runOnlyForDeploymentPostprocessing = 0;
		};
		E7CDD214286BCF0E0042D5D9 /* Sources */ = {
			isa = PBXSourcesBuildPhase;
			buildActionMask = 2147483647;
			files = (
				E7CDD21D286BCF0E0042D5D9 /* RandomPhotoTests.swift in Sources */,
			);
			runOnlyForDeploymentPostprocessing = 0;
		};
		E7CDD21E286BCF0E0042D5D9 /* Sources */ = {
			isa = PBXSourcesBuildPhase;
			buildActionMask = 2147483647;
			files = (
				E7CDD229286BCF0E0042D5D9 /* RandomPhotoUITestsLaunchTests.swift in Sources */,
				E7CDD227286BCF0E0042D5D9 /* RandomPhotoUITests.swift in Sources */,
			);
			runOnlyForDeploymentPostprocessing = 0;
		};
/* End PBXSourcesBuildPhase section */

/* Begin PBXTargetDependency section */
		E7CDD21A286BCF0E0042D5D9 /* PBXTargetDependency */ = {
			isa = PBXTargetDependency;
			target = E7CDD201286BCF090042D5D9 /* RandomPhoto */;
			targetProxy = E7CDD219286BCF0E0042D5D9 /* PBXContainerItemProxy */;
		};
		E7CDD224286BCF0E0042D5D9 /* PBXTargetDependency */ = {
			isa = PBXTargetDependency;
			target = E7CDD201286BCF090042D5D9 /* RandomPhoto */;
			targetProxy = E7CDD223286BCF0E0042D5D9 /* PBXContainerItemProxy */;
		};
/* End PBXTargetDependency section */

/* Begin PBXVariantGroup section */
		E7CDD20B286BCF090042D5D9 /* Main.storyboard */ = {
			isa = PBXVariantGroup;
			children = (
				E7CDD20C286BCF090042D5D9 /* Base */,
			);
			name = Main.storyboard;
			sourceTree = "<group>";
		};
		E7CDD210286BCF0E0042D5D9 /* LaunchScreen.storyboard */ = {
			isa = PBXVariantGroup;
			children = (
				E7CDD211286BCF0E0042D5D9 /* Base */,
			);
			name = LaunchScreen.storyboard;
			sourceTree = "<group>";
		};
/* End PBXVariantGroup section */

/* Begin XCBuildConfiguration section */
		E7CDD22A286BCF0E0042D5D9 /* Debug */ = {
			isa = XCBuildConfiguration;
			buildSettings = {
				ALWAYS_SEARCH_USER_PATHS = NO;
				CLANG_ANALYZER_NONNULL = YES;
				CLANG_ANALYZER_NUMBER_OBJECT_CONVERSION = YES_AGGRESSIVE;
				CLANG_CXX_LANGUAGE_STANDARD = "gnu++17";
				CLANG_ENABLE_MODULES = YES;
				CLANG_ENABLE_OBJC_ARC = YES;
				CLANG_ENABLE_OBJC_WEAK = YES;
				CLANG_WARN_BLOCK_CAPTURE_AUTORELEASING = YES;
				CLANG_WARN_BOOL_CONVERSION = YES;
				CLANG_WARN_COMMA = YES;
				CLANG_WARN_CONSTANT_CONVERSION = YES;
				CLANG_WARN_DEPRECATED_OBJC_IMPLEMENTATIONS = YES;
				CLANG_WARN_DIRECT_OBJC_ISA_USAGE = YES_ERROR;
				CLANG_WARN_DOCUMENTATION_COMMENTS = YES;
				CLANG_WARN_EMPTY_BODY = YES;
				CLANG_WARN_ENUM_CONVERSION = YES;
				CLANG_WARN_INFINITE_RECURSION = YES;
				CLANG_WARN_INT_CONVERSION = YES;
				CLANG_WARN_NON_LITERAL_NULL_CONVERSION = YES;
				CLANG_WARN_OBJC_IMPLICIT_RETAIN_SELF = YES;
				CLANG_WARN_OBJC_LITERAL_CONVERSION = YES;
				CLANG_WARN_OBJC_ROOT_CLASS = YES_ERROR;
				CLANG_WARN_QUOTED_INCLUDE_IN_FRAMEWORK_HEADER = YES;
				CLANG_WARN_RANGE_LOOP_ANALYSIS = YES;
				CLANG_WARN_STRICT_PROTOTYPES = YES;
				CLANG_WARN_SUSPICIOUS_MOVE = YES;
				CLANG_WARN_UNGUARDED_AVAILABILITY = YES_AGGRESSIVE;
				CLANG_WARN_UNREACHABLE_CODE = YES;
				CLANG_WARN__DUPLICATE_METHOD_MATCH = YES;
				COPY_PHASE_STRIP = NO;
				DEBUG_INFORMATION_FORMAT = dwarf;
				ENABLE_STRICT_OBJC_MSGSEND = YES;
				ENABLE_TESTABILITY = YES;
				GCC_C_LANGUAGE_STANDARD = gnu11;
				GCC_DYNAMIC_NO_PIC = NO;
				GCC_NO_COMMON_BLOCKS = YES;
				GCC_OPTIMIZATION_LEVEL = 0;
				GCC_PREPROCESSOR_DEFINITIONS = (
					"DEBUG=1",
					"$(inherited)",
				);
				GCC_WARN_64_TO_32_BIT_CONVERSION = YES;
				GCC_WARN_ABOUT_RETURN_TYPE = YES_ERROR;
				GCC_WARN_UNDECLARED_SELECTOR = YES;
				GCC_WARN_UNINITIALIZED_AUTOS = YES_AGGRESSIVE;
				GCC_WARN_UNUSED_FUNCTION = YES;
				GCC_WARN_UNUSED_VARIABLE = YES;
				IPHONEOS_DEPLOYMENT_TARGET = 15.5;
				MTL_ENABLE_DEBUG_INFO = INCLUDE_SOURCE;
				MTL_FAST_MATH = YES;
				ONLY_ACTIVE_ARCH = YES;
				SDKROOT = iphoneos;
				SWIFT_ACTIVE_COMPILATION_CONDITIONS = DEBUG;
				SWIFT_OPTIMIZATION_LEVEL = "-Onone";
			};
			name = Debug;
		};
		E7CDD22B286BCF0E0042D5D9 /* Release */ = {
			isa = XCBuildConfiguration;
			buildSettings = {
				ALWAYS_SEARCH_USER_PATHS = NO;
				CLANG_ANALYZER_NONNULL = YES;
				CLANG_ANALYZER_NUMBER_OBJECT_CONVERSION = YES_AGGRESSIVE;
				CLANG_CXX_LANGUAGE_STANDARD = "gnu++17";
				CLANG_ENABLE_MODULES = YES;
				CLANG_ENABLE_OBJC_ARC = YES;
				CLANG_ENABLE_OBJC_WEAK = YES;
				CLANG_WARN_BLOCK_CAPTURE_AUTORELEASING = YES;
				CLANG_WARN_BOOL_CONVERSION = YES;
				CLANG_WARN_COMMA = YES;
				CLANG_WARN_CONSTANT_CONVERSION = YES;
				CLANG_WARN_DEPRECATED_OBJC_IMPLEMENTATIONS = YES;
				CLANG_WARN_DIRECT_OBJC_ISA_USAGE = YES_ERROR;
				CLANG_WARN_DOCUMENTATION_COMMENTS = YES;
				CLANG_WARN_EMPTY_BODY = YES;
				CLANG_WARN_ENUM_CONVERSION = YES;
				CLANG_WARN_INFINITE_RECURSION = YES;
				CLANG_WARN_INT_CONVERSION = YES;
				CLANG_WARN_NON_LITERAL_NULL_CONVERSION = YES;
				CLANG_WARN_OBJC_IMPLICIT_RETAIN_SELF = YES;
				CLANG_WARN_OBJC_LITERAL_CONVERSION = YES;
				CLANG_WARN_OBJC_ROOT_CLASS = YES_ERROR;
				CLANG_WARN_QUOTED_INCLUDE_IN_FRAMEWORK_HEADER = YES;
				CLANG_WARN_RANGE_LOOP_ANALYSIS = YES;
				CLANG_WARN_STRICT_PROTOTYPES = YES;
				CLANG_WARN_SUSPICIOUS_MOVE = YES;
				CLANG_WARN_UNGUARDED_AVAILABILITY = YES_AGGRESSIVE;
				CLANG_WARN_UNREACHABLE_CODE = YES;
				CLANG_WARN__DUPLICATE_METHOD_MATCH = YES;
				COPY_PHASE_STRIP = NO;
				DEBUG_INFORMATION_FORMAT = "dwarf-with-dsym";
				ENABLE_NS_ASSERTIONS = NO;
				ENABLE_STRICT_OBJC_MSGSEND = YES;
				GCC_C_LANGUAGE_STANDARD = gnu11;
				GCC_NO_COMMON_BLOCKS = YES;
				GCC_WARN_64_TO_32_BIT_CONVERSION = YES;
				GCC_WARN_ABOUT_RETURN_TYPE = YES_ERROR;
				GCC_WARN_UNDECLARED_SELECTOR = YES;
				GCC_WARN_UNINITIALIZED_AUTOS = YES_AGGRESSIVE;
				GCC_WARN_UNUSED_FUNCTION = YES;
				GCC_WARN_UNUSED_VARIABLE = YES;
				IPHONEOS_DEPLOYMENT_TARGET = 15.5;
				MTL_ENABLE_DEBUG_INFO = NO;
				MTL_FAST_MATH = YES;
				SDKROOT = iphoneos;
				SWIFT_COMPILATION_MODE = wholemodule;
				SWIFT_OPTIMIZATION_LEVEL = "-O";
				VALIDATE_PRODUCT = YES;
			};
			name = Release;
		};
		E7CDD22D286BCF0E0042D5D9 /* Debug */ = {
			isa = XCBuildConfiguration;
			buildSettings = {
				ASSETCATALOG_COMPILER_APPICON_NAME = AppIcon;
				ASSETCATALOG_COMPILER_GLOBAL_ACCENT_COLOR_NAME = AccentColor;
				CODE_SIGN_STYLE = Automatic;
				CURRENT_PROJECT_VERSION = 1;
				GENERATE_INFOPLIST_FILE = YES;
				INFOPLIST_FILE = RandomPhoto/Info.plist;
				INFOPLIST_KEY_UIApplicationSupportsIndirectInputEvents = YES;
				INFOPLIST_KEY_UILaunchStoryboardName = LaunchScreen;
				INFOPLIST_KEY_UIMainStoryboardFile = Main;
				INFOPLIST_KEY_UISupportedInterfaceOrientations_iPad = "UIInterfaceOrientationPortrait UIInterfaceOrientationPortraitUpsideDown UIInterfaceOrientationLandscapeLeft UIInterfaceOrientationLandscapeRight";
				INFOPLIST_KEY_UISupportedInterfaceOrientations_iPhone = "UIInterfaceOrientationPortrait UIInterfaceOrientationLandscapeLeft UIInterfaceOrientationLandscapeRight";
				LD_RUNPATH_SEARCH_PATHS = (
					"$(inherited)",
					"@executable_path/Frameworks",
				);
				MARKETING_VERSION = 1.0;
				PRODUCT_BUNDLE_IDENTIFIER = com.AlanTan.RandomPhoto;
				PRODUCT_NAME = "$(TARGET_NAME)";
				SWIFT_EMIT_LOC_STRINGS = YES;
				SWIFT_VERSION = 5.0;
				TARGETED_DEVICE_FAMILY = "1,2";
			};
			name = Debug;
		};
		E7CDD22E286BCF0E0042D5D9 /* Release */ = {
			isa = XCBuildConfiguration;
			buildSettings = {
				ASSETCATALOG_COMPILER_APPICON_NAME = AppIcon;
				ASSETCATALOG_COMPILER_GLOBAL_ACCENT_COLOR_NAME = AccentColor;
				CODE_SIGN_STYLE = Automatic;
				CURRENT_PROJECT_VERSION = 1;
				GENERATE_INFOPLIST_FILE = YES;
				INFOPLIST_FILE = RandomPhoto/Info.plist;
				INFOPLIST_KEY_UIApplicationSupportsIndirectInputEvents = YES;
				INFOPLIST_KEY_UILaunchStoryboardName = LaunchScreen;
				INFOPLIST_KEY_UIMainStoryboardFile = Main;
				INFOPLIST_KEY_UISupportedInterfaceOrientations_iPad = "UIInterfaceOrientationPortrait UIInterfaceOrientationPortraitUpsideDown UIInterfaceOrientationLandscapeLeft UIInterfaceOrientationLandscapeRight";
				INFOPLIST_KEY_UISupportedInterfaceOrientations_iPhone = "UIInterfaceOrientationPortrait UIInterfaceOrientationLandscapeLeft UIInterfaceOrientationLandscapeRight";
				LD_RUNPATH_SEARCH_PATHS = (
					"$(inherited)",
					"@executable_path/Frameworks",
				);
				MARKETING_VERSION = 1.0;
				PRODUCT_BUNDLE_IDENTIFIER = com.AlanTan.RandomPhoto;
				PRODUCT_NAME = "$(TARGET_NAME)";
				SWIFT_EMIT_LOC_STRINGS = YES;
				SWIFT_VERSION = 5.0;
				TARGETED_DEVICE_FAMILY = "1,2";
			};
			name = Release;
		};
		E7CDD230286BCF0E0042D5D9 /* Debug */ = {
			isa = XCBuildConfiguration;
			buildSettings = {
				ALWAYS_EMBED_SWIFT_STANDARD_LIBRARIES = YES;
				BUNDLE_LOADER = "$(TEST_HOST)";
				CODE_SIGN_STYLE = Automatic;
				CURRENT_PROJECT_VERSION = 1;
				GENERATE_INFOPLIST_FILE = YES;
				IPHONEOS_DEPLOYMENT_TARGET = 15.5;
				MARKETING_VERSION = 1.0;
				PRODUCT_BUNDLE_IDENTIFIER = com.AlanTan.RandomPhotoTests;
				PRODUCT_NAME = "$(TARGET_NAME)";
				SWIFT_EMIT_LOC_STRINGS = NO;
				SWIFT_VERSION = 5.0;
				TARGETED_DEVICE_FAMILY = "1,2";
				TEST_HOST = "$(BUILT_PRODUCTS_DIR)/RandomPhoto.app/RandomPhoto";
			};
			name = Debug;
		};
		E7CDD231286BCF0E0042D5D9 /* Release */ = {
			isa = XCBuildConfiguration;
			buildSettings = {
				ALWAYS_EMBED_SWIFT_STANDARD_LIBRARIES = YES;
				BUNDLE_LOADER = "$(TEST_HOST)";
				CODE_SIGN_STYLE = Automatic;
				CURRENT_PROJECT_VERSION = 1;
				GENERATE_INFOPLIST_FILE = YES;
				IPHONEOS_DEPLOYMENT_TARGET = 15.5;
				MARKETING_VERSION = 1.0;
				PRODUCT_BUNDLE_IDENTIFIER = com.AlanTan.RandomPhotoTests;
				PRODUCT_NAME = "$(TARGET_NAME)";
				SWIFT_EMIT_LOC_STRINGS = NO;
				SWIFT_VERSION = 5.0;
				TARGETED_DEVICE_FAMILY = "1,2";
				TEST_HOST = "$(BUILT_PRODUCTS_DIR)/RandomPhoto.app/RandomPhoto";
			};
			name = Release;
		};
		E7CDD233286BCF0E0042D5D9 /* Debug */ = {
			isa = XCBuildConfiguration;
			buildSettings = {
				ALWAYS_EMBED_SWIFT_STANDARD_LIBRARIES = YES;
				CODE_SIGN_STYLE = Automatic;
				CURRENT_PROJECT_VERSION = 1;
				GENERATE_INFOPLIST_FILE = YES;
				MARKETING_VERSION = 1.0;
				PRODUCT_BUNDLE_IDENTIFIER = com.AlanTan.RandomPhotoUITests;
				PRODUCT_NAME = "$(TARGET_NAME)";
				SWIFT_EMIT_LOC_STRINGS = NO;
				SWIFT_VERSION = 5.0;
				TARGETED_DEVICE_FAMILY = "1,2";
				TEST_TARGET_NAME = RandomPhoto;
			};
			name = Debug;
		};
		E7CDD234286BCF0E0042D5D9 /* Release */ = {
			isa = XCBuildConfiguration;
			buildSettings = {
				ALWAYS_EMBED_SWIFT_STANDARD_LIBRARIES = YES;
				CODE_SIGN_STYLE = Automatic;
				CURRENT_PROJECT_VERSION = 1;
				GENERATE_INFOPLIST_FILE = YES;
				MARKETING_VERSION = 1.0;
				PRODUCT_BUNDLE_IDENTIFIER = com.AlanTan.RandomPhotoUITests;
				PRODUCT_NAME = "$(TARGET_NAME)";
				SWIFT_EMIT_LOC_STRINGS = NO;
				SWIFT_VERSION = 5.0;
				TARGETED_DEVICE_FAMILY = "1,2";
				TEST_TARGET_NAME = RandomPhoto;
			};
			name = Release;
		};
/* End XCBuildConfiguration section */

/* Begin XCConfigurationList section */
		E7CDD1FD286BCF090042D5D9 /* Build configuration list for PBXProject "RandomPhoto" */ = {
			isa = XCConfigurationList;
			buildConfigurations = (
				E7CDD22A286BCF0E0042D5D9 /* Debug */,
				E7CDD22B286BCF0E0042D5D9 /* Release */,
			);
			defaultConfigurationIsVisible = 0;
			defaultConfigurationName = Release;
		};
		E7CDD22C286BCF0E0042D5D9 /* Build configuration list for PBXNativeTarget "RandomPhoto" */ = {
			isa = XCConfigurationList;
			buildConfigurations = (
				E7CDD22D286BCF0E0042D5D9 /* Debug */,
				E7CDD22E286BCF0E0042D5D9 /* Release */,
			);
			defaultConfigurationIsVisible = 0;
			defaultConfigurationName = Release;
		};
		E7CDD22F286BCF0E0042D5D9 /* Build configuration list for PBXNativeTarget "RandomPhotoTests" */ = {
			isa = XCConfigurationList;
			buildConfigurations = (
				E7CDD230286BCF0E0042D5D9 /* Debug */,
				E7CDD231286BCF0E0042D5D9 /* Release */,
			);
			defaultConfigurationIsVisible = 0;
			defaultConfigurationName = Release;
		};
		E7CDD232286BCF0E0042D5D9 /* Build configuration list for PBXNativeTarget "RandomPhotoUITests" */ = {
			isa = XCConfigurationList;
			buildConfigurations = (
				E7CDD233286BCF0E0042D5D9 /* Debug */,
				E7CDD234286BCF0E0042D5D9 /* Release */,
			);
			defaultConfigurationIsVisible = 0;
			defaultConfigurationName = Release;
		};
/* End XCConfigurationList section */
	};
	rootObject = E7CDD1FA286BCF090042D5D9 /* Project object */;
}
